
Microsoft Visual Studio Solution File, Format Version 12.00
# Visual Studio Version 16
VisualStudioVersion = 16.0.29806.167
MinimumVisualStudioVersion = 10.0.40219.1
Project("{FAE04EC0-301F-11D3-BF4B-00C04F79EFBC}") = "Aids", "Aids\Aids.csproj", "{C4512B38-67C5-4EBE-82C5-6C2A860770EF}"
EndProject
Project("{FAE04EC0-301F-11D3-BF4B-00C04F79EFBC}") = "Data", "Data\Data.csproj", "{F3408E2B-2C03-4F96-8B11-5A6C0EEFD8FB}"
EndProject
Project("{FAE04EC0-301F-11D3-BF4B-00C04F79EFBC}") = "Domain", "Domain\Domain.csproj", "{623B66AF-F563-41C1-A090-C280EA45D0C8}"
EndProject
Project("{FAE04EC0-301F-11D3-BF4B-00C04F79EFBC}") = "Facade", "Facade\Facade.csproj", "{5A5FB588-ECA3-4B6D-A4B2-F30DFFDFB828}"
EndProject
Project("{FAE04EC0-301F-11D3-BF4B-00C04F79EFBC}") = "Infra", "Infra\Infra.csproj", "{EDA45FC1-50BA-4B71-8F78-D44EE49339BC}"
EndProject
Project("{FAE04EC0-301F-11D3-BF4B-00C04F79EFBC}") = "Pages", "Pages\Pages.csproj", "{593C1DA2-B4C7-47B8-880E-9EB14FA09AEA}"
EndProject
Project("{FAE04EC0-301F-11D3-BF4B-00C04F79EFBC}") = "Tests", "Tests\Tests.csproj", "{66AFF48E-D37A-4259-AB00-A00096BA25D7}"
EndProject
Project("{FAE04EC0-301F-11D3-BF4B-00C04F79EFBC}") = "Delux", "Delux\Delux.csproj", "{EB4EAE8B-1463-4267-A07A-6BCA8E851B31}"
EndProject
Global
	GlobalSection(SolutionConfigurationPlatforms) = preSolution
		Debug|Any CPU = Debug|Any CPU
		Release|Any CPU = Release|Any CPU
	EndGlobalSection
	GlobalSection(ProjectConfigurationPlatforms) = postSolution
		{C4512B38-67C5-4EBE-82C5-6C2A860770EF}.Debug|Any CPU.ActiveCfg = Debug|Any CPU
		{C4512B38-67C5-4EBE-82C5-6C2A860770EF}.Debug|Any CPU.Build.0 = Debug|Any CPU
		{C4512B38-67C5-4EBE-82C5-6C2A860770EF}.Release|Any CPU.ActiveCfg = Release|Any CPU
		{C4512B38-67C5-4EBE-82C5-6C2A860770EF}.Release|Any CPU.Build.0 = Release|Any CPU
		{F3408E2B-2C03-4F96-8B11-5A6C0EEFD8FB}.Debug|Any CPU.ActiveCfg = Debug|Any CPU
		{F3408E2B-2C03-4F96-8B11-5A6C0EEFD8FB}.Debug|Any CPU.Build.0 = Debug|Any CPU
		{F3408E2B-2C03-4F96-8B11-5A6C0EEFD8FB}.Release|Any CPU.ActiveCfg = Release|Any CPU
		{F3408E2B-2C03-4F96-8B11-5A6C0EEFD8FB}.Release|Any CPU.Build.0 = Release|Any CPU
		{623B66AF-F563-41C1-A090-C280EA45D0C8}.Debug|Any CPU.ActiveCfg = Debug|Any CPU
		{623B66AF-F563-41C1-A090-C280EA45D0C8}.Debug|Any CPU.Build.0 = Debug|Any CPU
		{623B66AF-F563-41C1-A090-C280EA45D0C8}.Release|Any CPU.ActiveCfg = Release|Any CPU
		{623B66AF-F563-41C1-A090-C280EA45D0C8}.Release|Any CPU.Build.0 = Release|Any CPU
		{5A5FB588-ECA3-4B6D-A4B2-F30DFFDFB828}.Debug|Any CPU.ActiveCfg = Debug|Any CPU
		{5A5FB588-ECA3-4B6D-A4B2-F30DFFDFB828}.Debug|Any CPU.Build.0 = Debug|Any CPU
		{5A5FB588-ECA3-4B6D-A4B2-F30DFFDFB828}.Release|Any CPU.ActiveCfg = Release|Any CPU
		{5A5FB588-ECA3-4B6D-A4B2-F30DFFDFB828}.Release|Any CPU.Build.0 = Release|Any CPU
		{EDA45FC1-50BA-4B71-8F78-D44EE49339BC}.Debug|Any CPU.ActiveCfg = Debug|Any CPU
		{EDA45FC1-50BA-4B71-8F78-D44EE49339BC}.Debug|Any CPU.Build.0 = Debug|Any CPU
		{EDA45FC1-50BA-4B71-8F78-D44EE49339BC}.Release|Any CPU.ActiveCfg = Release|Any CPU
		{EDA45FC1-50BA-4B71-8F78-D44EE49339BC}.Release|Any CPU.Build.0 = Release|Any CPU
		{593C1DA2-B4C7-47B8-880E-9EB14FA09AEA}.Debug|Any CPU.ActiveCfg = Debug|Any CPU
		{593C1DA2-B4C7-47B8-880E-9EB14FA09AEA}.Debug|Any CPU.Build.0 = Debug|Any CPU
		{593C1DA2-B4C7-47B8-880E-9EB14FA09AEA}.Release|Any CPU.ActiveCfg = Release|Any CPU
		{593C1DA2-B4C7-47B8-880E-9EB14FA09AEA}.Release|Any CPU.Build.0 = Release|Any CPU
		{66AFF48E-D37A-4259-AB00-A00096BA25D7}.Debug|Any CPU.ActiveCfg = Debug|Any CPU
		{66AFF48E-D37A-4259-AB00-A00096BA25D7}.Debug|Any CPU.Build.0 = Debug|Any CPU
		{66AFF48E-D37A-4259-AB00-A00096BA25D7}.Release|Any CPU.ActiveCfg = Release|Any CPU
		{66AFF48E-D37A-4259-AB00-A00096BA25D7}.Release|Any CPU.Build.0 = Release|Any CPU
		{EB4EAE8B-1463-4267-A07A-6BCA8E851B31}.Debug|Any CPU.ActiveCfg = Debug|Any CPU
		{EB4EAE8B-1463-4267-A07A-6BCA8E851B31}.Debug|Any CPU.Build.0 = Debug|Any CPU
		{EB4EAE8B-1463-4267-A07A-6BCA8E851B31}.Release|Any CPU.ActiveCfg = Release|Any CPU
		{EB4EAE8B-1463-4267-A07A-6BCA8E851B31}.Release|Any CPU.Build.0 = Release|Any CPU
	EndGlobalSection
	GlobalSection(SolutionProperties) = preSolution
		HideSolutionNode = FALSE
	EndGlobalSection
	GlobalSection(ExtensibilityGlobals) = postSolution
		SolutionGuid = {2FA991B4-FB3D-4CB5-9681-D7E76C0B55A4}
	EndGlobalSection
EndGlobal
